
Microsoft Visual Studio Solution File, Format Version 12.00
# Visual Studio 15
VisualStudioVersion = 15.0.28307.960
MinimumVisualStudioVersion = 10.0.40219.1
Project("{FAE04EC0-301F-11D3-BF4B-00C04F79EFBC}") = "WebAppSonar", "WebAppSonar\WebAppSonar.csproj", "{FCC586B9-9A07-4CB5-ABF1-4AD9D23E71FC}"
EndProject
Global
	GlobalSection(SolutionConfigurationPlatforms) = preSolution
		Debug|Any CPU = Debug|Any CPU
		Release|Any CPU = Release|Any CPU
	EndGlobalSection
	GlobalSection(ProjectConfigurationPlatforms) = postSolution
		{FCC586B9-9A07-4CB5-ABF1-4AD9D23E71FC}.Debug|Any CPU.ActiveCfg = Debug|Any CPU
		{FCC586B9-9A07-4CB5-ABF1-4AD9D23E71FC}.Debug|Any CPU.Build.0 = Debug|Any CPU
		{FCC586B9-9A07-4CB5-ABF1-4AD9D23E71FC}.Release|Any CPU.ActiveCfg = Release|Any CPU
		{FCC586B9-9A07-4CB5-ABF1-4AD9D23E71FC}.Release|Any CPU.Build.0 = Release|Any CPU
	EndGlobalSection
	GlobalSection(SolutionProperties) = preSolution
		HideSolutionNode = FALSE
	EndGlobalSection
	GlobalSection(ExtensibilityGlobals) = postSolution
		SolutionGuid = {37003026-782C-4C62-9222-7C61B449A230}
	EndGlobalSection
EndGlobal
